// !$*UTF8*$!
{
	archiveVersion = 1;
	classes = {
	};
	objectVersion = 46;
	objects = {

/* Begin PBXBuildFile section */
		F88CDA0719EB173B00867C82 /* main.m in Sources */ = {isa = PBXBuildFile; fileRef = F88CDA0619EB173B00867C82 /* main.m */; };
		F88CDA0A19EB173B00867C82 /* AppDelegate.m in Sources */ = {isa = PBXBuildFile; fileRef = F88CDA0919EB173B00867C82 /* AppDelegate.m */; };
		F88CDA0D19EB173B00867C82 /* ViewController.m in Sources */ = {isa = PBXBuildFile; fileRef = F88CDA0C19EB173B00867C82 /* ViewController.m */; };
		F88CDA1019EB173B00867C82 /* Main.storyboard in Resources */ = {isa = PBXBuildFile; fileRef = F88CDA0E19EB173B00867C82 /* Main.storyboard */; };
		F88CDA1219EB173B00867C82 /* Images.xcassets in Resources */ = {isa = PBXBuildFile; fileRef = F88CDA1119EB173B00867C82 /* Images.xcassets */; };
		F88CDA1519EB173B00867C82 /* LaunchScreen.xib in Resources */ = {isa = PBXBuildFile; fileRef = F88CDA1319EB173B00867C82 /* LaunchScreen.xib */; };
		F88CDA2119EB173B00867C82 /* HorizontalScrollingTextViewTests.m in Sources */ = {isa = PBXBuildFile; fileRef = F88CDA2019EB173B00867C82 /* HorizontalScrollingTextViewTests.m */; };
/* End PBXBuildFile section */

/* Begin PBXContainerItemProxy section */
		F88CDA1B19EB173B00867C82 /* PBXContainerItemProxy */ = {
			isa = PBXContainerItemProxy;
			containerPortal = F88CD9F919EB173B00867C82 /* Project object */;
			proxyType = 1;
			remoteGlobalIDString = F88CDA0019EB173B00867C82;
			remoteInfo = HorizontalScrollingTextView;
		};
/* End PBXContainerItemProxy section */

/* Begin PBXFileReference section */
		F88CDA0119EB173B00867C82 /* HorizontalScrollingTextView.app */ = {isa = PBXFileReference; explicitFileType = wrapper.application; includeInIndex = 0; path = HorizontalScrollingTextView.app; sourceTree = BUILT_PRODUCTS_DIR; };
		F88CDA0519EB173B00867C82 /* Info.plist */ = {isa = PBXFileReference; lastKnownFileType = text.plist.xml; path = Info.plist; sourceTree = "<group>"; };
		F88CDA0619EB173B00867C82 /* main.m */ = {isa = PBXFileReference; lastKnownFileType = sourcecode.c.objc; path = main.m; sourceTree = "<group>"; };
		F88CDA0819EB173B00867C82 /* AppDelegate.h */ = {isa = PBXFileReference; lastKnownFileType = sourcecode.c.h; path = AppDelegate.h; sourceTree = "<group>"; };
		F88CDA0919EB173B00867C82 /* AppDelegate.m */ = {isa = PBXFileReference; lastKnownFileType = sourcecode.c.objc; path = AppDelegate.m; sourceTree = "<group>"; };
		F88CDA0B19EB173B00867C82 /* ViewController.h */ = {isa = PBXFileReference; lastKnownFileType = sourcecode.c.h; path = ViewController.h; sourceTree = "<group>"; };
		F88CDA0C19EB173B00867C82 /* ViewController.m */ = {isa = PBXFileReference; lastKnownFileType = sourcecode.c.objc; path = ViewController.m; sourceTree = "<group>"; };
		F88CDA0F19EB173B00867C82 /* Base */ = {isa = PBXFileReference; lastKnownFileType = file.storyboard; name = Base; path = Base.lproj/Main.storyboard; sourceTree = "<group>"; };
		F88CDA1119EB173B00867C82 /* Images.xcassets */ = {isa = PBXFileReference; lastKnownFileType = folder.assetcatalog; path = Images.xcassets; sourceTree = "<group>"; };
		F88CDA1419EB173B00867C82 /* Base */ = {isa = PBXFileReference; lastKnownFileType = file.xib; name = Base; path = Base.lproj/LaunchScreen.xib; sourceTree = "<group>"; };
		F88CDA1A19EB173B00867C82 /* HorizontalScrollingTextViewTests.xctest */ = {isa = PBXFileReference; explicitFileType = wrapper.cfbundle; includeInIndex = 0; path = HorizontalScrollingTextViewTests.xctest; sourceTree = BUILT_PRODUCTS_DIR; };
		F88CDA1F19EB173B00867C82 /* Info.plist */ = {isa = PBXFileReference; lastKnownFileType = text.plist.xml; path = Info.plist; sourceTree = "<group>"; };
		F88CDA2019EB173B00867C82 /* HorizontalScrollingTextViewTests.m */ = {isa = PBXFileReference; lastKnownFileType = sourcecode.c.objc; path = HorizontalScrollingTextViewTests.m; sourceTree = "<group>"; };
/* End PBXFileReference section */

/* Begin PBXFrameworksBuildPhase section */
		F88CD9FE19EB173B00867C82 /* Frameworks */ = {
			isa = PBXFrameworksBuildPhase;
			buildActionMask = 2147483647;
			files = (
			);
			runOnlyForDeploymentPostprocessing = 0;
		};
		F88CDA1719EB173B00867C82 /* Frameworks */ = {
			isa = PBXFrameworksBuildPhase;
			buildActionMask = 2147483647;
			files = (
			);
			runOnlyForDeploymentPostprocessing = 0;
		};
/* End PBXFrameworksBuildPhase section */

/* Begin PBXGroup section */
		F88CD9F819EB173B00867C82 = {
			isa = PBXGroup;
			children = (
				F88CDA0319EB173B00867C82 /* HorizontalScrollingTextView */,
				F88CDA1D19EB173B00867C82 /* HorizontalScrollingTextViewTests */,
				F88CDA0219EB173B00867C82 /* Products */,
			);
			sourceTree = "<group>";
		};
		F88CDA0219EB173B00867C82 /* Products */ = {
			isa = PBXGroup;
			children = (
				F88CDA0119EB173B00867C82 /* HorizontalScrollingTextView.app */,
				F88CDA1A19EB173B00867C82 /* HorizontalScrollingTextViewTests.xctest */,
			);
			name = Products;
			sourceTree = "<group>";
		};
		F88CDA0319EB173B00867C82 /* HorizontalScrollingTextView */ = {
			isa = PBXGroup;
			children = (
				F88CDA0819EB173B00867C82 /* AppDelegate.h */,
				F88CDA0919EB173B00867C82 /* AppDelegate.m */,
				F88CDA0B19EB173B00867C82 /* ViewController.h */,
				F88CDA0C19EB173B00867C82 /* ViewController.m */,
				F88CDA0E19EB173B00867C82 /* Main.storyboard */,
				F88CDA1119EB173B00867C82 /* Images.xcassets */,
				F88CDA1319EB173B00867C82 /* LaunchScreen.xib */,
				F88CDA0419EB173B00867C82 /* Supporting Files */,
			);
			path = HorizontalScrollingTextView;
			sourceTree = "<group>";
		};
		F88CDA0419EB173B00867C82 /* Supporting Files */ = {
			isa = PBXGroup;
			children = (
				F88CDA0519EB173B00867C82 /* Info.plist */,
				F88CDA0619EB173B00867C82 /* main.m */,
			);
			name = "Supporting Files";
			sourceTree = "<group>";
		};
		F88CDA1D19EB173B00867C82 /* HorizontalScrollingTextViewTests */ = {
			isa = PBXGroup;
			children = (
				F88CDA2019EB173B00867C82 /* HorizontalScrollingTextViewTests.m */,
				F88CDA1E19EB173B00867C82 /* Supporting Files */,
			);
			path = HorizontalScrollingTextViewTests;
			sourceTree = "<group>";
		};
		F88CDA1E19EB173B00867C82 /* Supporting Files */ = {
			isa = PBXGroup;
			children = (
				F88CDA1F19EB173B00867C82 /* Info.plist */,
			);
			name = "Supporting Files";
			sourceTree = "<group>";
		};
/* End PBXGroup section */

/* Begin PBXNativeTarget section */
		F88CDA0019EB173B00867C82 /* HorizontalScrollingTextView */ = {
			isa = PBXNativeTarget;
			buildConfigurationList = F88CDA2419EB173B00867C82 /* Build configuration list for PBXNativeTarget "HorizontalScrollingTextView" */;
			buildPhases = (
				F88CD9FD19EB173B00867C82 /* Sources */,
				F88CD9FE19EB173B00867C82 /* Frameworks */,
				F88CD9FF19EB173B00867C82 /* Resources */,
			);
			buildRules = (
			);
			dependencies = (
			);
			name = HorizontalScrollingTextView;
			productName = HorizontalScrollingTextView;
			productReference = F88CDA0119EB173B00867C82 /* HorizontalScrollingTextView.app */;
			productType = "com.apple.product-type.application";
		};
		F88CDA1919EB173B00867C82 /* HorizontalScrollingTextViewTests */ = {
			isa = PBXNativeTarget;
			buildConfigurationList = F88CDA2719EB173B00867C82 /* Build configuration list for PBXNativeTarget "HorizontalScrollingTextViewTests" */;
			buildPhases = (
				F88CDA1619EB173B00867C82 /* Sources */,
				F88CDA1719EB173B00867C82 /* Frameworks */,
				F88CDA1819EB173B00867C82 /* Resources */,
			);
			buildRules = (
			);
			dependencies = (
				F88CDA1C19EB173B00867C82 /* PBXTargetDependency */,
			);
			name = HorizontalScrollingTextViewTests;
			productName = HorizontalScrollingTextViewTests;
			productReference = F88CDA1A19EB173B00867C82 /* HorizontalScrollingTextViewTests.xctest */;
			productType = "com.apple.product-type.bundle.unit-test";
		};
/* End PBXNativeTarget section */

/* Begin PBXProject section */
		F88CD9F919EB173B00867C82 /* Project object */ = {
			isa = PBXProject;
			attributes = {
				LastUpgradeCheck = 0610;
				ORGANIZATIONNAME = phatblat;
				TargetAttributes = {
					F88CDA0019EB173B00867C82 = {
						CreatedOnToolsVersion = 6.1;
					};
					F88CDA1919EB173B00867C82 = {
						CreatedOnToolsVersion = 6.1;
						TestTargetID = F88CDA0019EB173B00867C82;
					};
				};
			};
			buildConfigurationList = F88CD9FC19EB173B00867C82 /* Build configuration list for PBXProject "HorizontalScrollingTextView" */;
			compatibilityVersion = "Xcode 3.2";
			developmentRegion = English;
			hasScannedForEncodings = 0;
			knownRegions = (
				en,
				Base,
			);
			mainGroup = F88CD9F819EB173B00867C82;
			productRefGroup = F88CDA0219EB173B00867C82 /* Products */;
			projectDirPath = "";
			projectRoot = "";
			targets = (
				F88CDA0019EB173B00867C82 /* HorizontalScrollingTextView */,
				F88CDA1919EB173B00867C82 /* HorizontalScrollingTextViewTests */,
			);
		};
/* End PBXProject section */

/* Begin PBXResourcesBuildPhase section */
		F88CD9FF19EB173B00867C82 /* Resources */ = {
			isa = PBXResourcesBuildPhase;
			buildActionMask = 2147483647;
			files = (
				F88CDA1019EB173B00867C82 /* Main.storyboard in Resources */,
				F88CDA1519EB173B00867C82 /* LaunchScreen.xib in Resources */,
				F88CDA1219EB173B00867C82 /* Images.xcassets in Resources */,
			);
			runOnlyForDeploymentPostprocessing = 0;
		};
		F88CDA1819EB173B00867C82 /* Resources */ = {
			isa = PBXResourcesBuildPhase;
			buildActionMask = 2147483647;
			files = (
			);
			runOnlyForDeploymentPostprocessing = 0;
		};
/* End PBXResourcesBuildPhase section */

/* Begin PBXSourcesBuildPhase section */
		F88CD9FD19EB173B00867C82 /* Sources */ = {
			isa = PBXSourcesBuildPhase;
			buildActionMask = 2147483647;
			files = (
				F88CDA0D19EB173B00867C82 /* ViewController.m in Sources */,
				F88CDA0A19EB173B00867C82 /* AppDelegate.m in Sources */,
				F88CDA0719EB173B00867C82 /* main.m in Sources */,
			);
			runOnlyForDeploymentPostprocessing = 0;
		};
		F88CDA1619EB173B00867C82 /* Sources */ = {
			isa = PBXSourcesBuildPhase;
			buildActionMask = 2147483647;
			files = (
				F88CDA2119EB173B00867C82 /* HorizontalScrollingTextViewTests.m in Sources */,
			);
			runOnlyForDeploymentPostprocessing = 0;
		};
/* End PBXSourcesBuildPhase section */

/* Begin PBXTargetDependency section */
		F88CDA1C19EB173B00867C82 /* PBXTargetDependency */ = {
			isa = PBXTargetDependency;
			target = F88CDA0019EB173B00867C82 /* HorizontalScrollingTextView */;
			targetProxy = F88CDA1B19EB173B00867C82 /* PBXContainerItemProxy */;
		};
/* End PBXTargetDependency section */

/* Begin PBXVariantGroup section */
		F88CDA0E19EB173B00867C82 /* Main.storyboard */ = {
			isa = PBXVariantGroup;
			children = (
				F88CDA0F19EB173B00867C82 /* Base */,
			);
			name = Main.storyboard;
			sourceTree = "<group>";
		};
		F88CDA1319EB173B00867C82 /* LaunchScreen.xib */ = {
			isa = PBXVariantGroup;
			children = (
				F88CDA1419EB173B00867C82 /* Base */,
			);
			name = LaunchScreen.xib;
			sourceTree = "<group>";
		};
/* End PBXVariantGroup section */

/* Begin XCBuildConfiguration section */
		F88CDA2219EB173B00867C82 /* Debug */ = {
			isa = XCBuildConfiguration;
			buildSettings = {
				ALWAYS_SEARCH_USER_PATHS = NO;
				CLANG_CXX_LANGUAGE_STANDARD = "gnu++0x";
				CLANG_CXX_LIBRARY = "libc++";
				CLANG_ENABLE_MODULES = YES;
				CLANG_ENABLE_OBJC_ARC = YES;
				CLANG_WARN_BOOL_CONVERSION = YES;
				CLANG_WARN_CONSTANT_CONVERSION = YES;
				CLANG_WARN_DIRECT_OBJC_ISA_USAGE = YES_ERROR;
				CLANG_WARN_EMPTY_BODY = YES;
				CLANG_WARN_ENUM_CONVERSION = YES;
				CLANG_WARN_INT_CONVERSION = YES;
				CLANG_WARN_OBJC_ROOT_CLASS = YES_ERROR;
				CLANG_WARN_UNREACHABLE_CODE = YES;
				CLANG_WARN__DUPLICATE_METHOD_MATCH = YES;
				"CODE_SIGN_IDENTITY[sdk=iphoneos*]" = "iPhone Developer";
				COPY_PHASE_STRIP = NO;
				ENABLE_STRICT_OBJC_MSGSEND = YES;
				GCC_C_LANGUAGE_STANDARD = gnu99;
				GCC_DYNAMIC_NO_PIC = NO;
				GCC_OPTIMIZATION_LEVEL = 0;
				GCC_PREPROCESSOR_DEFINITIONS = (
					"DEBUG=1",
					"$(inherited)",
				);
				GCC_SYMBOLS_PRIVATE_EXTERN = NO;
				GCC_WARN_64_TO_32_BIT_CONVERSION = YES;
				GCC_WARN_ABOUT_RETURN_TYPE = YES_ERROR;
				GCC_WARN_UNDECLARED_SELECTOR = YES;
				GCC_WARN_UNINITIALIZED_AUTOS = YES_AGGRESSIVE;
				GCC_WARN_UNUSED_FUNCTION = YES;
				GCC_WARN_UNUSED_VARIABLE = YES;
				IPHONEOS_DEPLOYMENT_TARGET = 8.1;
				MTL_ENABLE_DEBUG_INFO = YES;
				ONLY_ACTIVE_ARCH = YES;
				SDKROOT = iphoneos;
				TARGETED_DEVICE_FAMILY = "1,2";
			};
			name = Debug;
		};
		F88CDA2319EB173B00867C82 /* Release */ = {
			isa = XCBuildConfiguration;
			buildSettings = {
				ALWAYS_SEARCH_USER_PATHS = NO;
				CLANG_CXX_LANGUAGE_STANDARD = "gnu++0x";
				CLANG_CXX_LIBRARY = "libc++";
				CLANG_ENABLE_MODULES = YES;
				CLANG_ENABLE_OBJC_ARC = YES;
				CLANG_WARN_BOOL_CONVERSION = YES;
				CLANG_WARN_CONSTANT_CONVERSION = YES;
				CLANG_WARN_DIRECT_OBJC_ISA_USAGE = YES_ERROR;
				CLANG_WARN_EMPTY_BODY = YES;
				CLANG_WARN_ENUM_CONVERSION = YES;
				CLANG_WARN_INT_CONVERSION = YES;
				CLANG_WARN_OBJC_ROOT_CLASS = YES_ERROR;
				CLANG_WARN_UNREACHABLE_CODE = YES;
				CLANG_WARN__DUPLICATE_METHOD_MATCH = YES;
				"CODE_SIGN_IDENTITY[sdk=iphoneos*]" = "iPhone Developer";
				COPY_PHASE_STRIP = YES;
				ENABLE_NS_ASSERTIONS = NO;
				ENABLE_STRICT_OBJC_MSGSEND = YES;
				GCC_C_LANGUAGE_STANDARD = gnu99;
				GCC_WARN_64_TO_32_BIT_CONVERSION = YES;
				GCC_WARN_ABOUT_RETURN_TYPE = YES_ERROR;
				GCC_WARN_UNDECLARED_SELECTOR = YES;
				GCC_WARN_UNINITIALIZED_AUTOS = YES_AGGRESSIVE;
				GCC_WARN_UNUSED_FUNCTION = YES;
				GCC_WARN_UNUSED_VARIABLE = YES;
				IPHONEOS_DEPLOYMENT_TARGET = 8.1;
				MTL_ENABLE_DEBUG_INFO = NO;
				SDKROOT = iphoneos;
				TARGETED_DEVICE_FAMILY = "1,2";
				VALIDATE_PRODUCT = YES;
			};
			name = Release;
		};
		F88CDA2519EB173B00867C82 /* Debug */ = {
			isa = XCBuildConfiguration;
			buildSettings = {
				ASSETCATALOG_COMPILER_APPICON_NAME = AppIcon;
				INFOPLIST_FILE = HorizontalScrollingTextView/Info.plist;
				LD_RUNPATH_SEARCH_PATHS = "$(inherited) @executable_path/Frameworks";
				PRODUCT_NAME = "$(TARGET_NAME)";
			};
			name = Debug;
		};
		F88CDA2619EB173B00867C82 /* Release */ = {
			isa = XCBuildConfiguration;
			buildSettings = {
				ASSETCATALOG_COMPILER_APPICON_NAME = AppIcon;
				INFOPLIST_FILE = HorizontalScrollingTextView/Info.plist;
				LD_RUNPATH_SEARCH_PATHS = "$(inherited) @executable_path/Frameworks";
				PRODUCT_NAME = "$(TARGET_NAME)";
			};
			name = Release;
		};
		F88CDA2819EB173B00867C82 /* Debug */ = {
			isa = XCBuildConfiguration;
			buildSettings = {
				BUNDLE_LOADER = "$(TEST_HOST)";
				FRAMEWORK_SEARCH_PATHS = (
					"$(SDKROOT)/Developer/Library/Frameworks",
					"$(inherited)",
				);
				GCC_PREPROCESSOR_DEFINITIONS = (
					"DEBUG=1",
					"$(inherited)",
				);
				INFOPLIST_FILE = HorizontalScrollingTextViewTests/Info.plist;
				LD_RUNPATH_SEARCH_PATHS = "$(inherited) @executable_path/Frameworks @loader_path/Frameworks";
				PRODUCT_NAME = "$(TARGET_NAME)";
				TEST_HOST = "$(BUILT_PRODUCTS_DIR)/HorizontalScrollingTextView.app/HorizontalScrollingTextView";
			};
			name = Debug;
		};
		F88CDA2919EB173B00867C82 /* Release */ = {
			isa = XCBuildConfiguration;
			buildSettings = {
				BUNDLE_LOADER = "$(TEST_HOST)";
				FRAMEWORK_SEARCH_PATHS = (
					"$(SDKROOT)/Developer/Library/Frameworks",
					"$(inherited)",
				);
				INFOPLIST_FILE = HorizontalScrollingTextViewTests/Info.plist;
				LD_RUNPATH_SEARCH_PATHS = "$(inherited) @executable_path/Frameworks @loader_path/Frameworks";
				PRODUCT_NAME = "$(TARGET_NAME)";
				TEST_HOST = "$(BUILT_PRODUCTS_DIR)/HorizontalScrollingTextView.app/HorizontalScrollingTextView";
			};
			name = Release;
		};
/* End XCBuildConfiguration section */

/* Begin XCConfigurationList section */
		F88CD9FC19EB173B00867C82 /* Build configuration list for PBXProject "HorizontalScrollingTextView" */ = {
			isa = XCConfigurationList;
			buildConfigurations = (
				F88CDA2219EB173B00867C82 /* Debug */,
				F88CDA2319EB173B00867C82 /* Release */,
			);
			defaultConfigurationIsVisible = 0;
			defaultConfigurationName = Release;
		};
		F88CDA2419EB173B00867C82 /* Build configuration list for PBXNativeTarget "HorizontalScrollingTextView" */ = {
			isa = XCConfigurationList;
			buildConfigurations = (
				F88CDA2519EB173B00867C82 /* Debug */,
				F88CDA2619EB173B00867C82 /* Release */,
			);
			defaultConfigurationIsVisible = 0;
		};
		F88CDA2719EB173B00867C82 /* Build configuration list for PBXNativeTarget "HorizontalScrollingTextViewTests" */ = {
			isa = XCConfigurationList;
			buildConfigurations = (
				F88CDA2819EB173B00867C82 /* Debug */,
				F88CDA2919EB173B00867C82 /* Release */,
			);
			defaultConfigurationIsVisible = 0;
		};
/* End XCConfigurationList section */
	};
	rootObject = F88CD9F919EB173B00867C82 /* Project object */;
}
